
Microsoft Visual Studio Solution File, Format Version 12.00
# Visual Studio 15
VisualStudioVersion = 15.0.28307.102
MinimumVisualStudioVersion = 10.0.40219.1
Project("{FAE04EC0-301F-11D3-BF4B-00C04F79EFBC}") = "OptKit", "OptKit\OptKit.csproj", "{6FC6AC62-09AF-42FE-8B7B-88ED3A8ABE5F}"
EndProject
Project("{FAE04EC0-301F-11D3-BF4B-00C04F79EFBC}") = "OptKit.WpfApp", "OptKit.WpfApp\OptKit.WpfApp.csproj", "{918E5DD0-0843-4243-BE49-CA2118A56207}"
EndProject
Project("{2150E333-8FDC-42A3-9474-1A3956D46DE8}") = "Core", "Core", "{8AED5063-C614-463B-911E-9FAAADFD2457}"
EndProject
Project("{2150E333-8FDC-42A3-9474-1A3956D46DE8}") = "Wpf", "Wpf", "{81DBFB84-8759-47C5-9ACE-57BC9608C410}"
EndProject
Project("{2150E333-8FDC-42A3-9474-1A3956D46DE8}") = "Web", "Web", "{9A98B863-FCEE-40F5-9FED-5130751713BC}"
EndProject
Project("{2150E333-8FDC-42A3-9474-1A3956D46DE8}") = "IDE", "IDE", "{1D898172-BB09-4BEA-B5A3-EC0CF12D5D5D}"
EndProject
Project("{FAE04EC0-301F-11D3-BF4B-00C04F79EFBC}") = "OptKit.Wpf.UI", "OptKit.Wpf.UI\OptKit.Wpf.UI.csproj", "{B6233805-504F-4247-863F-D0B486B8CB7A}"
EndProject
Project("{2150E333-8FDC-42A3-9474-1A3956D46DE8}") = "Config", "Config", "{B1C84A37-2D3D-4C30-A420-B57E01976A5B}"
EndProject
Project("{2150E333-8FDC-42A3-9474-1A3956D46DE8}") = "Services", "Services", "{D197446D-00B8-4AEF-9219-D3B9C8ECCA37}"
EndProject
Project("{2150E333-8FDC-42A3-9474-1A3956D46DE8}") = "Modules", "Modules", "{F724A1F2-DAE9-46AC-80A9-786D05E4E826}"
EndProject
Project("{FAE04EC0-301F-11D3-BF4B-00C04F79EFBC}") = "OptKit.Wpf", "OptKit.Wpf\OptKit.Wpf.csproj", "{D4842148-59D3-44E4-9245-B2B4F68A6EF7}"
EndProject
Project("{2150E333-8FDC-42A3-9474-1A3956D46DE8}") = "@Share", "@Share", "{D04B434F-C9D8-4352-B8C7-C1D03D37B2D4}"
EndProject
Project("{FAE04EC0-301F-11D3-BF4B-00C04F79EFBC}") = "OptKit.ServiceHost", "OptKit.ServiceHost\OptKit.ServiceHost.csproj", "{E9E17D7D-1C9F-4F0C-B14D-EA7674D908ED}"
EndProject
Global
	GlobalSection(SolutionConfigurationPlatforms) = preSolution
		Debug|Any CPU = Debug|Any CPU
		Release|Any CPU = Release|Any CPU
	EndGlobalSection
	GlobalSection(ProjectConfigurationPlatforms) = postSolution
		{6FC6AC62-09AF-42FE-8B7B-88ED3A8ABE5F}.Debug|Any CPU.ActiveCfg = Debug|Any CPU
		{6FC6AC62-09AF-42FE-8B7B-88ED3A8ABE5F}.Debug|Any CPU.Build.0 = Debug|Any CPU
		{6FC6AC62-09AF-42FE-8B7B-88ED3A8ABE5F}.Release|Any CPU.ActiveCfg = Release|Any CPU
		{6FC6AC62-09AF-42FE-8B7B-88ED3A8ABE5F}.Release|Any CPU.Build.0 = Release|Any CPU
		{918E5DD0-0843-4243-BE49-CA2118A56207}.Debug|Any CPU.ActiveCfg = Debug|Any CPU
		{918E5DD0-0843-4243-BE49-CA2118A56207}.Debug|Any CPU.Build.0 = Debug|Any CPU
		{918E5DD0-0843-4243-BE49-CA2118A56207}.Release|Any CPU.ActiveCfg = Release|Any CPU
		{918E5DD0-0843-4243-BE49-CA2118A56207}.Release|Any CPU.Build.0 = Release|Any CPU
		{B6233805-504F-4247-863F-D0B486B8CB7A}.Debug|Any CPU.ActiveCfg = Debug|Any CPU
		{B6233805-504F-4247-863F-D0B486B8CB7A}.Debug|Any CPU.Build.0 = Debug|Any CPU
		{B6233805-504F-4247-863F-D0B486B8CB7A}.Release|Any CPU.ActiveCfg = Release|Any CPU
		{B6233805-504F-4247-863F-D0B486B8CB7A}.Release|Any CPU.Build.0 = Release|Any CPU
		{D4842148-59D3-44E4-9245-B2B4F68A6EF7}.Debug|Any CPU.ActiveCfg = Debug|Any CPU
		{D4842148-59D3-44E4-9245-B2B4F68A6EF7}.Debug|Any CPU.Build.0 = Debug|Any CPU
		{D4842148-59D3-44E4-9245-B2B4F68A6EF7}.Release|Any CPU.ActiveCfg = Release|Any CPU
		{D4842148-59D3-44E4-9245-B2B4F68A6EF7}.Release|Any CPU.Build.0 = Release|Any CPU
		{E9E17D7D-1C9F-4F0C-B14D-EA7674D908ED}.Debug|Any CPU.ActiveCfg = Debug|Any CPU
		{E9E17D7D-1C9F-4F0C-B14D-EA7674D908ED}.Debug|Any CPU.Build.0 = Debug|Any CPU
		{E9E17D7D-1C9F-4F0C-B14D-EA7674D908ED}.Release|Any CPU.ActiveCfg = Release|Any CPU
		{E9E17D7D-1C9F-4F0C-B14D-EA7674D908ED}.Release|Any CPU.Build.0 = Release|Any CPU
	EndGlobalSection
	GlobalSection(SolutionProperties) = preSolution
		HideSolutionNode = FALSE
	EndGlobalSection
	GlobalSection(NestedProjects) = preSolution
		{6FC6AC62-09AF-42FE-8B7B-88ED3A8ABE5F} = {8AED5063-C614-463B-911E-9FAAADFD2457}
		{918E5DD0-0843-4243-BE49-CA2118A56207} = {D04B434F-C9D8-4352-B8C7-C1D03D37B2D4}
		{81DBFB84-8759-47C5-9ACE-57BC9608C410} = {8AED5063-C614-463B-911E-9FAAADFD2457}
		{9A98B863-FCEE-40F5-9FED-5130751713BC} = {8AED5063-C614-463B-911E-9FAAADFD2457}
		{B6233805-504F-4247-863F-D0B486B8CB7A} = {81DBFB84-8759-47C5-9ACE-57BC9608C410}
		{B1C84A37-2D3D-4C30-A420-B57E01976A5B} = {D197446D-00B8-4AEF-9219-D3B9C8ECCA37}
		{D4842148-59D3-44E4-9245-B2B4F68A6EF7} = {81DBFB84-8759-47C5-9ACE-57BC9608C410}
		{E9E17D7D-1C9F-4F0C-B14D-EA7674D908ED} = {D04B434F-C9D8-4352-B8C7-C1D03D37B2D4}
	EndGlobalSection
	GlobalSection(ExtensibilityGlobals) = postSolution
		SolutionGuid = {4FF1BB6B-D45A-49F2-935E-A50DAAECD8D7}
	EndGlobalSection
EndGlobal
